
Microsoft Visual Studio Solution File, Format Version 12.00
# Visual Studio Version 16
VisualStudioVersion = 16.0.29025.244
MinimumVisualStudioVersion = 10.0.40219.1
Project("{FAE04EC0-301F-11D3-BF4B-00C04F79EFBC}") = "Renci.SshNet.Cng", "Renci.SshNet.Cng\Renci.SshNet.Cng.csproj", "{2E5BE706-46B3-480B-AB50-F4128A06ACB4}"
EndProject
Project("{FAE04EC0-301F-11D3-BF4B-00C04F79EFBC}") = "Renci.SshNet.Example", "Renci.SshNet.Example\Renci.SshNet.Example.csproj", "{88FEC9CF-8150-42AD-B4CB-4C2ABE8E9B22}"
EndProject
Global
	GlobalSection(SolutionConfigurationPlatforms) = preSolution
		Debug|Any CPU = Debug|Any CPU
		Release|Any CPU = Release|Any CPU
	EndGlobalSection
	GlobalSection(ProjectConfigurationPlatforms) = postSolution
		{2E5BE706-46B3-480B-AB50-F4128A06ACB4}.Debug|Any CPU.ActiveCfg = Debug|Any CPU
		{2E5BE706-46B3-480B-AB50-F4128A06ACB4}.Debug|Any CPU.Build.0 = Debug|Any CPU
		{2E5BE706-46B3-480B-AB50-F4128A06ACB4}.Release|Any CPU.ActiveCfg = Release|Any CPU
		{2E5BE706-46B3-480B-AB50-F4128A06ACB4}.Release|Any CPU.Build.0 = Release|Any CPU
		{88FEC9CF-8150-42AD-B4CB-4C2ABE8E9B22}.Debug|Any CPU.ActiveCfg = Debug|Any CPU
		{88FEC9CF-8150-42AD-B4CB-4C2ABE8E9B22}.Debug|Any CPU.Build.0 = Debug|Any CPU
		{88FEC9CF-8150-42AD-B4CB-4C2ABE8E9B22}.Release|Any CPU.ActiveCfg = Release|Any CPU
		{88FEC9CF-8150-42AD-B4CB-4C2ABE8E9B22}.Release|Any CPU.Build.0 = Release|Any CPU
	EndGlobalSection
	GlobalSection(SolutionProperties) = preSolution
		HideSolutionNode = FALSE
	EndGlobalSection
	GlobalSection(ExtensibilityGlobals) = postSolution
		SolutionGuid = {F7F4F767-DBF1-48CA-B76F-84AD42DC1F57}
	EndGlobalSection
EndGlobal
